
Microsoft Visual Studio Solution File, Format Version 12.00
# Visual Studio Version 16
VisualStudioVersion = 16.0.30128.36
MinimumVisualStudioVersion = 10.0.40219.1
Project("{FAE04EC0-301F-11D3-BF4B-00C04F79EFBC}") = "BasicAuthApp", "BasicAuthApp\BasicAuthApp.csproj", "{39555B05-6EED-4F09-A60D-9B9029198726}"
EndProject
Global
	GlobalSection(SolutionConfigurationPlatforms) = preSolution
		Debug|Any CPU = Debug|Any CPU
		Release|Any CPU = Release|Any CPU
	EndGlobalSection
	GlobalSection(ProjectConfigurationPlatforms) = postSolution
		{39555B05-6EED-4F09-A60D-9B9029198726}.Debug|Any CPU.ActiveCfg = Debug|Any CPU
		{39555B05-6EED-4F09-A60D-9B9029198726}.Debug|Any CPU.Build.0 = Debug|Any CPU
		{39555B05-6EED-4F09-A60D-9B9029198726}.Release|Any CPU.ActiveCfg = Release|Any CPU
		{39555B05-6EED-4F09-A60D-9B9029198726}.Release|Any CPU.Build.0 = Release|Any CPU
	EndGlobalSection
	GlobalSection(SolutionProperties) = preSolution
		HideSolutionNode = FALSE
	EndGlobalSection
	GlobalSection(ExtensibilityGlobals) = postSolution
		SolutionGuid = {8BA769E1-8C7B-4912-BF6A-FA8644C8E4D8}
	EndGlobalSection
EndGlobal
