
Microsoft Visual Studio Solution File, Format Version 12.00
# Visual Studio 15
VisualStudioVersion = 15.0.28307.572
MinimumVisualStudioVersion = 10.0.40219.1
Project("{FAE04EC0-301F-11D3-BF4B-00C04F79EFBC}") = "MVCWebReportDesigner", "MVCWebReportDesigner.csproj", "{01CEA44D-6D63-4313-8E10-BCA3B1E5B9B1}"
EndProject
Project("{FAE04EC0-301F-11D3-BF4B-00C04F79EFBC}") = "BoldReports.DataExtensions.WebAPI", "..\DataExtension\BoldReports.DataExtensions.WebAPI.csproj", "{39D5FD13-4544-41C5-A618-E953E2396464}"
EndProject
Global
	GlobalSection(SolutionConfigurationPlatforms) = preSolution
		Debug|Any CPU = Debug|Any CPU
		Release|Any CPU = Release|Any CPU
	EndGlobalSection
	GlobalSection(ProjectConfigurationPlatforms) = postSolution
		{01CEA44D-6D63-4313-8E10-BCA3B1E5B9B1}.Debug|Any CPU.ActiveCfg = Debug|Any CPU
		{01CEA44D-6D63-4313-8E10-BCA3B1E5B9B1}.Debug|Any CPU.Build.0 = Debug|Any CPU
		{01CEA44D-6D63-4313-8E10-BCA3B1E5B9B1}.Release|Any CPU.ActiveCfg = Release|Any CPU
		{01CEA44D-6D63-4313-8E10-BCA3B1E5B9B1}.Release|Any CPU.Build.0 = Release|Any CPU
		{39D5FD13-4544-41C5-A618-E953E2396464}.Debug|Any CPU.ActiveCfg = Debug|Any CPU
		{39D5FD13-4544-41C5-A618-E953E2396464}.Debug|Any CPU.Build.0 = Debug|Any CPU
		{39D5FD13-4544-41C5-A618-E953E2396464}.Release|Any CPU.ActiveCfg = Release|Any CPU
		{39D5FD13-4544-41C5-A618-E953E2396464}.Release|Any CPU.Build.0 = Release|Any CPU
	EndGlobalSection
	GlobalSection(SolutionProperties) = preSolution
		HideSolutionNode = FALSE
	EndGlobalSection
	GlobalSection(ExtensibilityGlobals) = postSolution
		SolutionGuid = {7DDD4544-5FEF-4910-87FA-306798B89A3B}
	EndGlobalSection
EndGlobal
