
Microsoft Visual Studio Solution File, Format Version 12.00
# Visual Studio 15
VisualStudioVersion = 15.0.28307.572
MinimumVisualStudioVersion = 10.0.40219.1
Project("{FAE04EC0-301F-11D3-BF4B-00C04F79EFBC}") = "BoldReports.DataExtensions.WebAPI", "BoldReports.DataExtensions.WebAPI.csproj", "{39D5FD13-4544-41C5-A618-E953E2396464}"
EndProject
Global
	GlobalSection(SolutionConfigurationPlatforms) = preSolution
		Debug|Any CPU = Debug|Any CPU
		Release|Any CPU = Release|Any CPU
	EndGlobalSection
	GlobalSection(ProjectConfigurationPlatforms) = postSolution
		{39D5FD13-4544-41C5-A618-E953E2396464}.Debug|Any CPU.ActiveCfg = Debug|Any CPU
		{39D5FD13-4544-41C5-A618-E953E2396464}.Debug|Any CPU.Build.0 = Debug|Any CPU
		{39D5FD13-4544-41C5-A618-E953E2396464}.Release|Any CPU.ActiveCfg = Release|Any CPU
		{39D5FD13-4544-41C5-A618-E953E2396464}.Release|Any CPU.Build.0 = Release|Any CPU
	EndGlobalSection
	GlobalSection(SolutionProperties) = preSolution
		HideSolutionNode = FALSE
	EndGlobalSection
	GlobalSection(ExtensibilityGlobals) = postSolution
		SolutionGuid = {03B05FC3-1669-408C-BC6B-827FBB3BE9ED}
	EndGlobalSection
EndGlobal
