
Microsoft Visual Studio Solution File, Format Version 12.00
# Visual Studio Version 16
VisualStudioVersion = 16.0.31410.357
MinimumVisualStudioVersion = 10.0.40219.1
Project("{FAE04EC0-301F-11D3-BF4B-00C04F79EFBC}") = "Webforms sample", "Webforms sample.csproj", "{635F5483-E9BF-446E-973E-832925BB0266}"
EndProject
Global
	GlobalSection(SolutionConfigurationPlatforms) = preSolution
		Debug|Any CPU = Debug|Any CPU
		Debug-xml|Any CPU = Debug-xml|Any CPU
		Release|Any CPU = Release|Any CPU
		Release-xml|Any CPU = Release-xml|Any CPU
	EndGlobalSection
	GlobalSection(ProjectConfigurationPlatforms) = postSolution
		{635F5483-E9BF-446E-973E-832925BB0266}.Debug|Any CPU.ActiveCfg = Debug|Any CPU
		{635F5483-E9BF-446E-973E-832925BB0266}.Debug|Any CPU.Build.0 = Debug|Any CPU
		{635F5483-E9BF-446E-973E-832925BB0266}.Debug-xml|Any CPU.ActiveCfg = Debug|Any CPU
		{635F5483-E9BF-446E-973E-832925BB0266}.Debug-xml|Any CPU.Build.0 = Debug|Any CPU
		{635F5483-E9BF-446E-973E-832925BB0266}.Release|Any CPU.ActiveCfg = Release|Any CPU
		{635F5483-E9BF-446E-973E-832925BB0266}.Release|Any CPU.Build.0 = Release|Any CPU
		{635F5483-E9BF-446E-973E-832925BB0266}.Release-xml|Any CPU.ActiveCfg = Release|Any CPU
		{635F5483-E9BF-446E-973E-832925BB0266}.Release-xml|Any CPU.Build.0 = Release|Any CPU
	EndGlobalSection
	GlobalSection(SolutionProperties) = preSolution
		HideSolutionNode = FALSE
	EndGlobalSection
	GlobalSection(ExtensibilityGlobals) = postSolution
		SolutionGuid = {811CB932-D504-4BB1-AC56-4C572189CF6B}
	EndGlobalSection
EndGlobal
