
Microsoft Visual Studio Solution File, Format Version 12.00
# Visual Studio Version 16
VisualStudioVersion = 16.0.31410.357
MinimumVisualStudioVersion = 10.0.40219.1
Project("{FAE04EC0-301F-11D3-BF4B-00C04F79EFBC}") = "ReportViewerDemo", "ReportViewerDemo.csproj", "{82E71E33-0827-4183-91A5-4C0651C952A1}"
EndProject
Global
	GlobalSection(SolutionConfigurationPlatforms) = preSolution
		Debug|Any CPU = Debug|Any CPU
		Release|Any CPU = Release|Any CPU
	EndGlobalSection
	GlobalSection(ProjectConfigurationPlatforms) = postSolution
		{82E71E33-0827-4183-91A5-4C0651C952A1}.Debug|Any CPU.ActiveCfg = Debug|Any CPU
		{82E71E33-0827-4183-91A5-4C0651C952A1}.Debug|Any CPU.Build.0 = Debug|Any CPU
		{82E71E33-0827-4183-91A5-4C0651C952A1}.Release|Any CPU.ActiveCfg = Release|Any CPU
		{82E71E33-0827-4183-91A5-4C0651C952A1}.Release|Any CPU.Build.0 = Release|Any CPU
	EndGlobalSection
	GlobalSection(SolutionProperties) = preSolution
		HideSolutionNode = FALSE
	EndGlobalSection
	GlobalSection(ExtensibilityGlobals) = postSolution
		SolutionGuid = {7C50D9B4-E798-4F5C-9537-67A63CD49995}
	EndGlobalSection
EndGlobal
